
Microsoft Visual Studio Solution File, Format Version 12.00
# Visual Studio Version 17
VisualStudioVersion = 17.4.33122.133
MinimumVisualStudioVersion = 10.0.40219.1
Project("{FAE04EC0-301F-11D3-BF4B-00C04F79EFBC}") = "TelegramWebHook.YouTube.Downloader", "TelegramWebHook.YouTube.Downloader\TelegramWebHook.YouTube.Downloader.csproj", "{132B1D88-E933-45DB-93E7-508C2B338867}"
EndProject
Project("{E53339B2-1760-4266-BCC7-CA923CBCF16C}") = "docker-compose", "docker-compose.dcproj", "{CCB39890-D0DC-4A77-B281-BFD1B79630B0}"
EndProject
Global
	GlobalSection(SolutionConfigurationPlatforms) = preSolution
		Debug|Any CPU = Debug|Any CPU
		Release|Any CPU = Release|Any CPU
	EndGlobalSection
	GlobalSection(ProjectConfigurationPlatforms) = postSolution
		{132B1D88-E933-45DB-93E7-508C2B338867}.Debug|Any CPU.ActiveCfg = Debug|Any CPU
		{132B1D88-E933-45DB-93E7-508C2B338867}.Debug|Any CPU.Build.0 = Debug|Any CPU
		{132B1D88-E933-45DB-93E7-508C2B338867}.Release|Any CPU.ActiveCfg = Release|Any CPU
		{132B1D88-E933-45DB-93E7-508C2B338867}.Release|Any CPU.Build.0 = Release|Any CPU
		{CCB39890-D0DC-4A77-B281-BFD1B79630B0}.Debug|Any CPU.ActiveCfg = Debug|Any CPU
		{CCB39890-D0DC-4A77-B281-BFD1B79630B0}.Debug|Any CPU.Build.0 = Debug|Any CPU
		{CCB39890-D0DC-4A77-B281-BFD1B79630B0}.Release|Any CPU.ActiveCfg = Release|Any CPU
		{CCB39890-D0DC-4A77-B281-BFD1B79630B0}.Release|Any CPU.Build.0 = Release|Any CPU
	EndGlobalSection
	GlobalSection(SolutionProperties) = preSolution
		HideSolutionNode = FALSE
	EndGlobalSection
	GlobalSection(ExtensibilityGlobals) = postSolution
		SolutionGuid = {F57AD4FB-FB11-47F8-8542-727035B712AC}
	EndGlobalSection
EndGlobal
