
Microsoft Visual Studio Solution File, Format Version 12.00
# Visual Studio Version 17
VisualStudioVersion = 17.4.33122.133
MinimumVisualStudioVersion = 10.0.40219.1
Project("{E53339B2-1760-4266-BCC7-CA923CBCF16C}") = "docker-compose", "docker-compose.dcproj", "{CCB39890-D0DC-4A77-B281-BFD1B79630B0}"
EndProject
Project("{9A19103F-16F7-4668-BE54-9A1E7A4F7556}") = "WebHook.YouTube.Downloader", "WebHook.YouTube.Downloader\WebHook.YouTube.Downloader.csproj", "{7CA99330-3506-4C36-B3A6-E19B98BE0221}"
EndProject
Global
	GlobalSection(SolutionConfigurationPlatforms) = preSolution
		Debug|Any CPU = Debug|Any CPU
		Release|Any CPU = Release|Any CPU
	EndGlobalSection
	GlobalSection(ProjectConfigurationPlatforms) = postSolution
		{CCB39890-D0DC-4A77-B281-BFD1B79630B0}.Debug|Any CPU.ActiveCfg = Debug|Any CPU
		{CCB39890-D0DC-4A77-B281-BFD1B79630B0}.Debug|Any CPU.Build.0 = Debug|Any CPU
		{CCB39890-D0DC-4A77-B281-BFD1B79630B0}.Release|Any CPU.ActiveCfg = Release|Any CPU
		{CCB39890-D0DC-4A77-B281-BFD1B79630B0}.Release|Any CPU.Build.0 = Release|Any CPU
		{7CA99330-3506-4C36-B3A6-E19B98BE0221}.Debug|Any CPU.ActiveCfg = Debug|Any CPU
		{7CA99330-3506-4C36-B3A6-E19B98BE0221}.Debug|Any CPU.Build.0 = Debug|Any CPU
		{7CA99330-3506-4C36-B3A6-E19B98BE0221}.Release|Any CPU.ActiveCfg = Release|Any CPU
		{7CA99330-3506-4C36-B3A6-E19B98BE0221}.Release|Any CPU.Build.0 = Release|Any CPU
	EndGlobalSection
	GlobalSection(SolutionProperties) = preSolution
		HideSolutionNode = FALSE
	EndGlobalSection
	GlobalSection(ExtensibilityGlobals) = postSolution
		SolutionGuid = {F57AD4FB-FB11-47F8-8542-727035B712AC}
	EndGlobalSection
EndGlobal
